{
  "name": "mlvip",
  "lockfileVersion": 2,
  "requires": true,
  "packages": {
    "": {
      "dependencies": {
        "b-spline": "^2.0.2",
        "esm": "^3.2.25"
      }
    },
    "node_modules/b-spline": {
      "version": "2.0.2",
      "resolved": "https://registry.npmjs.org/b-spline/-/b-spline-2.0.2.tgz",
      "integrity": "sha512-RPhM4apTUkejCpKo9sQrOiMdy/rUua4n98oppafwAnT64ZwqJDDp+fUk9+5EBEQNtTS3CsWWFRPukqFM3sasZQ=="
    },
    "node_modules/esm": {
      "version": "3.2.25",
      "resolved": "https://registry.npmjs.org/esm/-/esm-3.2.25.tgz",
      "integrity": "sha512-U1suiZ2oDVWv4zPO56S0NcR5QriEahGtdN2OR6FiOG4WJvcjBVFB0qI4+eKoWFH483PKGuLuu6V8Z4T5g63UVA==",
      "engines": {
        "node": ">=6"
      }
    }
  },
  "dependencies": {
    "b-spline": {
      "version": "2.0.2",
      "resolved": "https://registry.npmjs.org/b-spline/-/b-spline-2.0.2.tgz",
      "integrity": "sha512-RPhM4apTUkejCpKo9sQrOiMdy/rUua4n98oppafwAnT64ZwqJDDp+fUk9+5EBEQNtTS3CsWWFRPukqFM3sasZQ=="
    },
    "esm": {
      "version": "3.2.25",
      "resolved": "https://registry.npmjs.org/esm/-/esm-3.2.25.tgz",
      "integrity": "sha512-U1suiZ2oDVWv4zPO56S0NcR5QriEahGtdN2OR6FiOG4WJvcjBVFB0qI4+eKoWFH483PKGuLuu6V8Z4T5g63UVA=="
    }
  }
}
